{
  "nodes": {
    "flake-utils": {
      "locked": {
        "lastModified": 1644229661,
        "narHash": "sha256-1YdnJAsNy69bpcjuoKdOYQX0YxZBiCYZo4Twxerqv7k=",
        "owner": "numtide",
        "repo": "flake-utils",
        "rev": "3cecb5b042f7f209c56ffd8371b2711a290ec797",
        "type": "github"
      },
      "original": {
        "owner": "numtide",
        "repo": "flake-utils",
        "type": "github"
      }
    },
    "gitignore-source": {
      "inputs": {
        "nixpkgs": [
          "nixpkgs"
        ]
      },
      "locked": {
        "lastModified": 1646480205,
        "narHash": "sha256-kekOlTlu45vuK2L9nq8iVN17V3sB0WWPqTTW3a2SQG0=",
        "owner": "hercules-ci",
        "repo": "gitignore.nix",
        "rev": "bff2832ec341cf30acb3a4d3e2e7f1f7b590116a",
        "type": "github"
      },
      "original": {
        "owner": "hercules-ci",
        "repo": "gitignore.nix",
        "type": "github"
      }
    },
    "nixpkgs": {
      "locked": {
        "lastModified": 1648261307,
        "narHash": "sha256-ONBZPEL+rdMYLYSQcWm5uBWJMSgmYsQFIx9PO3QiRHA=",
        "owner": "nixos",
        "repo": "nixpkgs",
        "rev": "7bd96c43cf54088e660967940f6d02056e0c0c8e",
        "type": "github"
      },
      "original": {
        "owner": "nixos",
        "repo": "nixpkgs",
        "type": "github"
      }
    },
    "root": {
      "inputs": {
        "flake-utils": "flake-utils",
        "gitignore-source": "gitignore-source",
        "nixpkgs": "nixpkgs"
      }
    }
  },
  "root": "root",
  "version": 7
}
